# THIS IS AN AUTOGENERATED FILE. DO NOT EDIT THIS FILE DIRECTLY.
# yarn lockfile v1


embla-carousel-autoplay@^8.0.2:
  version "8.0.2"
  resolved "https://registry.yarnpkg.com/embla-carousel-autoplay/-/embla-carousel-autoplay-8.0.2.tgz#c6f321e9bb51efc2097076ddada4a090635d6b7f"
  integrity sha512-31lBigAkHeI4k1767uYcr9Gm2y12mzLpVsi+QRxIWQT8J4AtRoHLOhd8YJFiXf22DbI/j78+IaeJK4lZRlFxUw==
